speakeasyVersion: 1.547.1
sources:
    openapi:
        sourceNamespace: openapi
        sourceRevisionDigest: sha256:ff71643e40419a17a0cf48267b5893c06441406c985f9cd37b859d6812c70d93
        sourceBlobDigest: sha256:9a3248f2c12c5f6fd8cfe23b8d94ba5df71af09ba16d60d9968eb274f7a9eaab
        tags:
            - latest
            - speakeasy-sdk-regen-1747672744
            - 1.0.0
targets:
    python:
        source: openapi
        sourceNamespace: openapi
        sourceRevisionDigest: sha256:ff71643e40419a17a0cf48267b5893c06441406c985f9cd37b859d6812c70d93
        sourceBlobDigest: sha256:9a3248f2c12c5f6fd8cfe23b8d94ba5df71af09ba16d60d9968eb274f7a9eaab
        codeSamplesNamespace: openapi-python-code-samples
        codeSamplesRevisionDigest: sha256:1bc1e9678825292b249ef0c7393214eb90d2732e9bdf54c3612a35e31fe3a783
workflow:
    workflowVersion: 1.0.0
    speakeasyVersion: latest
    sources:
        openapi:
            inputs:
                - location: https://gr4vy.github.io/gr4vy-openapi/core/openapi.json
            overlays:
                - location: ./.speakeasy/overlays/servers.yaml
                - location: ./.speakeasy/overlays/security.yaml
                - location: ./.speakeasy/overlays/enums.yaml
                - location: ./.speakeasy/overlays/retries.yaml
                - location: ./.speakeasy/overlays/mid-global.yaml
                - location: ./.speakeasy/overlays/fix-base-model.yaml
                - location: ./.speakeasy/overlays/fix-checkout-session-body.yaml
            registry:
                location: registry.speakeasyapi.dev/gr4vy/gr4vy/openapi
    targets:
        python:
            target: python
            source: openapi
            publish:
                pypi:
                    token: $pypi_token
            codeSamples:
                registry:
                    location: registry.speakeasyapi.dev/gr4vy/gr4vy/openapi-python-code-samples
                labelOverride:
                    fixedValue: Python (SDK)
                blocking: false
