speakeasyVersion: 1.661.1
sources:
    openapi:
        sourceNamespace: openapi
        sourceRevisionDigest: sha256:0746393c1f5d78403005adfe508cab73ac75bf8d18157d23f6fdbc7f33cacf03
        sourceBlobDigest: sha256:0fa22f5e4ed26f9a68fd7d3c3cd0f2d6713deabcb5df83023cae02387df4e557
        tags:
            - latest
            - speakeasy-sdk-regen-1764100418
            - 1.0.0
targets:
    python:
        source: openapi
        sourceNamespace: openapi
        sourceRevisionDigest: sha256:0746393c1f5d78403005adfe508cab73ac75bf8d18157d23f6fdbc7f33cacf03
        sourceBlobDigest: sha256:0fa22f5e4ed26f9a68fd7d3c3cd0f2d6713deabcb5df83023cae02387df4e557
        codeSamplesNamespace: openapi-python-code-samples
        codeSamplesRevisionDigest: sha256:5388ea5daf49e7227482b65acfd24b96ee0d8440dc4eb45f85aff8d398a6237d
workflow:
    workflowVersion: 1.0.0
    speakeasyVersion: latest
    sources:
        openapi:
            inputs:
                - location: https://gr4vy.github.io/openapi/core/openapi.json
            overlays:
                - location: ./.speakeasy/overlays/servers.yaml
                - location: ./.speakeasy/overlays/security.yaml
                - location: ./.speakeasy/overlays/enums.yaml
                - location: ./.speakeasy/overlays/retries.yaml
                - location: ./.speakeasy/overlays/mid-global.yaml
                - location: ./.speakeasy/overlays/fix-base-model.yaml
                - location: ./.speakeasy/overlays/fix-checkout-session-body.yaml
                - location: ./.speakeasy/overlays/fix-remove-unwanted-headers.yaml
                - location: ./.speakeasy/overlays/fix-add-x-forwarded-for-header.yaml
            registry:
                location: registry.speakeasyapi.dev/gr4vy/gr4vy/openapi
    targets:
        python:
            target: python
            source: openapi
            publish:
                pypi:
                    token: $pypi_token
            codeSamples:
                registry:
                    location: registry.speakeasyapi.dev/gr4vy/gr4vy/openapi-python-code-samples
                labelOverride:
                    fixedValue: Python
                blocking: false
