speakeasyVersion: 1.622.2
sources:
    openapi:
        sourceNamespace: openapi
        sourceRevisionDigest: sha256:31db932e20275f6f9937095a534181ff8cc3c50f2b4d7475d6187aa99305a460
        sourceBlobDigest: sha256:1d8cfa409e185bf22cff189fc60363ecdb51dcc55e0fe3a0bf9aadec469e5e89
        tags:
            - latest
            - speakeasy-sdk-regen-1758656311
            - 1.0.0
targets:
    python:
        source: openapi
        sourceNamespace: openapi
        sourceRevisionDigest: sha256:31db932e20275f6f9937095a534181ff8cc3c50f2b4d7475d6187aa99305a460
        sourceBlobDigest: sha256:1d8cfa409e185bf22cff189fc60363ecdb51dcc55e0fe3a0bf9aadec469e5e89
        codeSamplesNamespace: openapi-python-code-samples
        codeSamplesRevisionDigest: sha256:b3d38efd1e436866d646b17836548038acfd9de9b2321810889fb3a4ef7d580c
workflow:
    workflowVersion: 1.0.0
    speakeasyVersion: latest
    sources:
        openapi:
            inputs:
                - location: https://gr4vy.github.io/openapi/core/openapi.json
            overlays:
                - location: ./.speakeasy/overlays/servers.yaml
                - location: ./.speakeasy/overlays/security.yaml
                - location: ./.speakeasy/overlays/enums.yaml
                - location: ./.speakeasy/overlays/retries.yaml
                - location: ./.speakeasy/overlays/mid-global.yaml
                - location: ./.speakeasy/overlays/fix-base-model.yaml
                - location: ./.speakeasy/overlays/fix-checkout-session-body.yaml
                - location: ./.speakeasy/overlays/fix-remove-unwanted-headers.yaml
                - location: ./.speakeasy/overlays/fix-add-x-forwarded-for-header.yaml
            registry:
                location: registry.speakeasyapi.dev/gr4vy/gr4vy/openapi
    targets:
        python:
            target: python
            source: openapi
            publish:
                pypi:
                    token: $pypi_token
            codeSamples:
                registry:
                    location: registry.speakeasyapi.dev/gr4vy/gr4vy/openapi-python-code-samples
                labelOverride:
                    fixedValue: Python
                blocking: false
